
Microsoft Visual Studio Solution File, Format Version 12.00
# Visual Studio Version 17
VisualStudioVersion = 17.14.36429.23 d17.14
MinimumVisualStudioVersion = 10.0.40219.1
Project("{FAE04EC0-301F-11D3-BF4B-00C04F79EFBC}") = "FirstProject", "FirstProject.csproj", "{546D56AE-3041-4841-B88C-62816867FB17}"
EndProject
Global
	GlobalSection(SolutionConfigurationPlatforms) = preSolution
		Debug|Any CPU = Debug|Any CPU
		Release|Any CPU = Release|Any CPU
	EndGlobalSection
	GlobalSection(ProjectConfigurationPlatforms) = postSolution
		{546D56AE-3041-4841-B88C-62816867FB17}.Debug|Any CPU.ActiveCfg = Debug|Any CPU
		{546D56AE-3041-4841-B88C-62816867FB17}.Debug|Any CPU.Build.0 = Debug|Any CPU
		{546D56AE-3041-4841-B88C-62816867FB17}.Release|Any CPU.ActiveCfg = Release|Any CPU
		{546D56AE-3041-4841-B88C-62816867FB17}.Release|Any CPU.Build.0 = Release|Any CPU
	EndGlobalSection
	GlobalSection(SolutionProperties) = preSolution
		HideSolutionNode = FALSE
	EndGlobalSection
	GlobalSection(ExtensibilityGlobals) = postSolution
		SolutionGuid = {870563C1-D0EC-40DF-BECD-AD1DAEF98050}
	EndGlobalSection
EndGlobal
